
Microsoft Visual Studio Solution File, Format Version 12.00
# Visual Studio Version 17
VisualStudioVersion = 17.14.36511.14
MinimumVisualStudioVersion = 10.0.40219.1
Project("{FAE04EC0-301F-11D3-BF4B-00C04F79EFBC}") = "Deskpet", "WpfApp1\Deskpet.csproj", "{1B3EFC23-0132-46A9-889E-CF54A962608A}"
EndProject
Global
	GlobalSection(SolutionConfigurationPlatforms) = preSolution
		Debug|Any CPU = Debug|Any CPU
		Release|Any CPU = Release|Any CPU
	EndGlobalSection
	GlobalSection(ProjectConfigurationPlatforms) = postSolution
		{1B3EFC23-0132-46A9-889E-CF54A962608A}.Debug|Any CPU.ActiveCfg = Debug|Any CPU
		{1B3EFC23-0132-46A9-889E-CF54A962608A}.Debug|Any CPU.Build.0 = Debug|Any CPU
		{1B3EFC23-0132-46A9-889E-CF54A962608A}.Release|Any CPU.ActiveCfg = Release|Any CPU
		{1B3EFC23-0132-46A9-889E-CF54A962608A}.Release|Any CPU.Build.0 = Release|Any CPU
	EndGlobalSection
	GlobalSection(SolutionProperties) = preSolution
		HideSolutionNode = FALSE
	EndGlobalSection
	GlobalSection(ExtensibilityGlobals) = postSolution
		SolutionGuid = {4466A2F4-349B-46F2-9458-6027633AAB8A}
	EndGlobalSection
EndGlobal
