
Microsoft Visual Studio Solution File, Format Version 12.00
# Visual Studio Version 17
VisualStudioVersion = 17.14.36511.14 d17.14
MinimumVisualStudioVersion = 10.0.40219.1
Project("{FAE04EC0-301F-11D3-BF4B-00C04F79EFBC}") = "Deskpet", "Deskpet.csproj", "{06D0AB03-C0F1-7D16-588D-2080764A75EE}"
EndProject
Global
	GlobalSection(SolutionConfigurationPlatforms) = preSolution
		Debug|Any CPU = Debug|Any CPU
		Release|Any CPU = Release|Any CPU
	EndGlobalSection
	GlobalSection(ProjectConfigurationPlatforms) = postSolution
		{06D0AB03-C0F1-7D16-588D-2080764A75EE}.Debug|Any CPU.ActiveCfg = Debug|Any CPU
		{06D0AB03-C0F1-7D16-588D-2080764A75EE}.Debug|Any CPU.Build.0 = Debug|Any CPU
		{06D0AB03-C0F1-7D16-588D-2080764A75EE}.Release|Any CPU.ActiveCfg = Release|Any CPU
		{06D0AB03-C0F1-7D16-588D-2080764A75EE}.Release|Any CPU.Build.0 = Release|Any CPU
	EndGlobalSection
	GlobalSection(SolutionProperties) = preSolution
		HideSolutionNode = FALSE
	EndGlobalSection
	GlobalSection(ExtensibilityGlobals) = postSolution
		SolutionGuid = {F9997653-1E82-48B6-91AF-7194DDF274DA}
	EndGlobalSection
EndGlobal
